{
  "name": "pytorch-gpu-template",
  "lockfileVersion": 3,
  "requires": true,
  "packages": {
    "": {
      "devDependencies": {
        "prettier": "^3.2.5",
        "prettier-plugin-ini": "^1.1.0",
        "prettier-plugin-multiline-arrays": "^3.0.4",
        "prettier-plugin-sh": "^0.14.0"
      }
    },
    "node_modules/@augment-vir/common": {
      "version": "23.4.0",
      "resolved": "https://registry.npmjs.org/@augment-vir/common/-/common-23.4.0.tgz",
      "integrity": "sha512-QIrJ1doD00TNbOzeVrk9KgPTzRlIjayxERnhtbQjK/AFPj5yElcB03GbnGdQZPzws/R+5gfMM5cZiH7QyBP+Kg==",
      "dev": true,
      "dependencies": {
        "browser-or-node": "^2.1.1",
        "run-time-assertions": "^1.0.0",
        "type-fest": "^4.10.2"
      }
    },
    "node_modules/browser-or-node": {
      "version": "2.1.1",
      "resolved": "https://registry.npmjs.org/browser-or-node/-/browser-or-node-2.1.1.tgz",
      "integrity": "sha512-8CVjaLJGuSKMVTxJ2DpBl5XnlNDiT4cQFeuCJJrvJmts9YrTZDizTX7PjC2s6W4x+MBGZeEY6dGMrF04/6Hgqg==",
      "dev": true
    },
    "node_modules/expect-type": {
      "version": "0.15.0",
      "resolved": "https://registry.npmjs.org/expect-type/-/expect-type-0.15.0.tgz",
      "integrity": "sha512-yWnriYB4e8G54M5/fAFj7rCIBiKs1HAACaY13kCz6Ku0dezjS9aMcfcdVK2X8Tv2tEV1BPz/wKfQ7WA4S/d8aA==",
      "dev": true
    },
    "node_modules/mvdan-sh": {
      "version": "0.10.1",
      "resolved": "https://registry.npmjs.org/mvdan-sh/-/mvdan-sh-0.10.1.tgz",
      "integrity": "sha512-kMbrH0EObaKmK3nVRKUIIya1dpASHIEusM13S4V1ViHFuxuNxCo+arxoa6j/dbV22YBGjl7UKJm9QQKJ2Crzhg==",
      "dev": true
    },
    "node_modules/prettier": {
      "version": "3.2.5",
      "resolved": "https://registry.npmjs.org/prettier/-/prettier-3.2.5.tgz",
      "integrity": "sha512-3/GWa9aOC0YeD7LUfvOG2NiDyhOWRvt1k+rcKhOuYnMY24iiCphgneUfJDyFXd6rZCAnuLBv6UeAULtrhT/F4A==",
      "dev": true,
      "bin": {
        "prettier": "bin/prettier.cjs"
      },
      "engines": {
        "node": ">=14"
      },
      "funding": {
        "url": "https://github.com/prettier/prettier?sponsor=1"
      }
    },
    "node_modules/prettier-plugin-ini": {
      "version": "1.1.0",
      "resolved": "https://registry.npmjs.org/prettier-plugin-ini/-/prettier-plugin-ini-1.1.0.tgz",
      "integrity": "sha512-xlWM//GrLYU5CX3Qdn5isOlxz1LHnTi4fdSHZX/UYV/C5ipbcFfdCglENoOPGp4N5EvtA5Q1FuVhg95K58TMRg==",
      "dev": true,
      "dependencies": {
        "prettier": ">=2.3"
      }
    },
    "node_modules/prettier-plugin-multiline-arrays": {
      "version": "3.0.4",
      "resolved": "https://registry.npmjs.org/prettier-plugin-multiline-arrays/-/prettier-plugin-multiline-arrays-3.0.4.tgz",
      "integrity": "sha512-Oj9ZfEisLOF0did1CGXXQLTA0WEChT2pfI06pNA1PbvWqbys9a5xoys6DoZlDL+Uio0uW1XwKZkeKMAkG1EEfQ==",
      "dev": true,
      "dependencies": {
        "@augment-vir/common": "^23.3.4",
        "proxy-vir": "^1.0.0"
      },
      "peerDependencies": {
        "prettier": ">=3.0.0"
      }
    },
    "node_modules/prettier-plugin-sh": {
      "version": "0.14.0",
      "resolved": "https://registry.npmjs.org/prettier-plugin-sh/-/prettier-plugin-sh-0.14.0.tgz",
      "integrity": "sha512-hfXulj5+zEl/ulrO5kMuuTPKmXvOg0bnLHY1hKFNN/N+/903iZbNp8NyZBTsgI8dtkSgFfAEIQq0IQTyP1ZVFQ==",
      "dev": true,
      "dependencies": {
        "mvdan-sh": "^0.10.1",
        "sh-syntax": "^0.4.1"
      },
      "engines": {
        "node": ">=16.0.0"
      },
      "funding": {
        "url": "https://opencollective.com/unts"
      },
      "peerDependencies": {
        "prettier": "^3.0.3"
      }
    },
    "node_modules/proxy-vir": {
      "version": "1.0.0",
      "resolved": "https://registry.npmjs.org/proxy-vir/-/proxy-vir-1.0.0.tgz",
      "integrity": "sha512-WV1gkBxUOwLSz0Bn09tisIqLK7leAqtFm/474t3L0hQKJw7/gdrkGcWw0/OT1PhSy+TDS6swfq7Niuoq3XJhkQ==",
      "dev": true,
      "dependencies": {
        "@augment-vir/common": "^23.3.4"
      }
    },
    "node_modules/run-time-assertions": {
      "version": "1.0.0",
      "resolved": "https://registry.npmjs.org/run-time-assertions/-/run-time-assertions-1.0.0.tgz",
      "integrity": "sha512-2MgjLxjJbgrXIAEROObGvz9me4A5Mj0vYIGrJ/9NERO6MrtY3OqJZz2iqfezTcXOWT/zJfdAasVmSLpnwHJIZw==",
      "dev": true,
      "dependencies": {
        "@augment-vir/common": "^23.3.2",
        "expect-type": "~0.15.0",
        "type-fest": "^4.10.2"
      }
    },
    "node_modules/sh-syntax": {
      "version": "0.4.2",
      "resolved": "https://registry.npmjs.org/sh-syntax/-/sh-syntax-0.4.2.tgz",
      "integrity": "sha512-/l2UZ5fhGZLVZa16XQM9/Vq/hezGGbdHeVEA01uWjOL1+7Ek/gt6FquW0iKKws4a9AYPYvlz6RyVvjh3JxOteg==",
      "dev": true,
      "dependencies": {
        "tslib": "^2.6.2"
      },
      "engines": {
        "node": ">=16.0.0"
      },
      "funding": {
        "url": "https://opencollective.com/unts"
      }
    },
    "node_modules/tslib": {
      "version": "2.6.2",
      "resolved": "https://registry.npmjs.org/tslib/-/tslib-2.6.2.tgz",
      "integrity": "sha512-AEYxH93jGFPn/a2iVAwW87VuUIkR1FVUKB77NwMF7nBTDkDrrT/Hpt/IrCJ0QXhW27jTBDcf5ZY7w6RiqTMw2Q==",
      "dev": true
    },
    "node_modules/type-fest": {
      "version": "4.10.3",
      "resolved": "https://registry.npmjs.org/type-fest/-/type-fest-4.10.3.tgz",
      "integrity": "sha512-JLXyjizi072smKGGcZiAJDCNweT8J+AuRxmPZ1aG7TERg4ijx9REl8CNhbr36RV4qXqL1gO1FF9HL8OkVmmrsA==",
      "dev": true,
      "engines": {
        "node": ">=16"
      },
      "funding": {
        "url": "https://github.com/sponsors/sindresorhus"
      }
    }
  }
}
