{
  "name": "pytorch-gpu-template",
  "lockfileVersion": 3,
  "requires": true,
  "packages": {
    "": {
      "devDependencies": {
        "prettier": "^3.2.5",
        "prettier-plugin-ini": "^1.1.0",
        "prettier-plugin-multiline-arrays": "^4.0.2",
        "prettier-plugin-sh": "^0.14.0"
      }
    },
    "node_modules/@augment-vir/assert": {
      "version": "31.9.2",
      "resolved": "https://registry.npmjs.org/@augment-vir/assert/-/assert-31.9.2.tgz",
      "integrity": "sha512-8kSGyOfvAAURpvTjjZ6rHrgUx7hApjv2UVlPGHUwmKfW85CjhFd0eFIcZvdnEUJ66wIz9h6r4ez5aKbrM++ohA==",
      "dev": true,
      "license": "(MIT or CC0 1.0)",
      "dependencies": {
        "@augment-vir/core": "^31.9.2",
        "@date-vir/duration": "^7.2.0",
        "deep-eql": "^5.0.2",
        "expect-type": "^1.1.0",
        "type-fest": "^4.35.0"
      },
      "engines": {
        "node": ">=22"
      }
    },
    "node_modules/@augment-vir/common": {
      "version": "31.9.2",
      "resolved": "https://registry.npmjs.org/@augment-vir/common/-/common-31.9.2.tgz",
      "integrity": "sha512-fiHkEVfFVh/fLxPppCkPz6iaGwACAQF9FTEmVK75dyOY4sSkOtO42K6oezxCra6AdvUdqe71+/dPwd7jzIUP5w==",
      "dev": true,
      "license": "(MIT or CC0 1.0)",
      "dependencies": {
        "@augment-vir/assert": "^31.9.2",
        "@augment-vir/core": "^31.9.2",
        "@date-vir/duration": "^7.2.0",
        "ansi-styles": "^6.2.1",
        "json5": "^2.2.3",
        "type-fest": "^4.35.0",
        "typed-event-target": "^4.0.2"
      },
      "engines": {
        "node": ">=22"
      }
    },
    "node_modules/@augment-vir/core": {
      "version": "31.9.2",
      "resolved": "https://registry.npmjs.org/@augment-vir/core/-/core-31.9.2.tgz",
      "integrity": "sha512-t1LBRDz/o549CBF0icH3qwngM57OjAhYrienpVXqZrblhAaWckCGI/1aKQeU6WeYtNAbr+Kd862oeMmmqYdxjg==",
      "dev": true,
      "license": "(MIT or CC0 1.0)",
      "dependencies": {
        "@date-vir/duration": "^7.2.0",
        "browser-or-node": "^3.0.0",
        "json5": "^2.2.3",
        "type-fest": "^4.35.0"
      },
      "engines": {
        "node": ">=22"
      }
    },
    "node_modules/@date-vir/duration": {
      "version": "7.2.1",
      "resolved": "https://registry.npmjs.org/@date-vir/duration/-/duration-7.2.1.tgz",
      "integrity": "sha512-IZFIHGqYvUu3J4sG3gkPQcFTReca0Lv4J6X+gcjt0mHBL6urDXgPmiS1WB6PJzI48jnuDtAd0MIHunVHe7/PsA==",
      "dev": true,
      "license": "(MIT or CC0 1.0)",
      "dependencies": {
        "@types/luxon": "^3.4.2",
        "luxon": "^3.5.0",
        "type-fest": "^4.35.0"
      },
      "engines": {
        "node": ">=22"
      }
    },
    "node_modules/@types/luxon": {
      "version": "3.4.2",
      "resolved": "https://registry.npmjs.org/@types/luxon/-/luxon-3.4.2.tgz",
      "integrity": "sha512-TifLZlFudklWlMBfhubvgqTXRzLDI5pCbGa4P8a3wPyUQSW+1xQ5eDsreP9DWHX3tjq1ke96uYG/nwundroWcA==",
      "dev": true,
      "license": "MIT"
    },
    "node_modules/ansi-styles": {
      "version": "6.2.1",
      "resolved": "https://registry.npmjs.org/ansi-styles/-/ansi-styles-6.2.1.tgz",
      "integrity": "sha512-bN798gFfQX+viw3R7yrGWRqnrN2oRkEkUjjl4JNn4E8GxxbjtG3FbrEIIY3l8/hrwUwIeCZvi4QuOTP4MErVug==",
      "dev": true,
      "license": "MIT",
      "engines": {
        "node": ">=12"
      },
      "funding": {
        "url": "https://github.com/chalk/ansi-styles?sponsor=1"
      }
    },
    "node_modules/browser-or-node": {
      "version": "3.0.0",
      "resolved": "https://registry.npmjs.org/browser-or-node/-/browser-or-node-3.0.0.tgz",
      "integrity": "sha512-iczIdVJzGEYhP5DqQxYM9Hh7Ztpqqi+CXZpSmX8ALFs9ecXkQIeqRyM6TfxEfMVpwhl3dSuDvxdzzo9sUOIVBQ==",
      "dev": true,
      "license": "MIT"
    },
    "node_modules/deep-eql": {
      "version": "5.0.2",
      "resolved": "https://registry.npmjs.org/deep-eql/-/deep-eql-5.0.2.tgz",
      "integrity": "sha512-h5k/5U50IJJFpzfL6nO9jaaumfjO/f2NjK/oYB2Djzm4p9L+3T9qWpZqZ2hAbLPuuYq9wrU08WQyBTL5GbPk5Q==",
      "dev": true,
      "license": "MIT",
      "engines": {
        "node": ">=6"
      }
    },
    "node_modules/expect-type": {
      "version": "1.1.0",
      "resolved": "https://registry.npmjs.org/expect-type/-/expect-type-1.1.0.tgz",
      "integrity": "sha512-bFi65yM+xZgk+u/KRIpekdSYkTB5W1pEf0Lt8Q8Msh7b+eQ7LXVtIB1Bkm4fvclDEL1b2CZkMhv2mOeF8tMdkA==",
      "dev": true,
      "license": "Apache-2.0",
      "engines": {
        "node": ">=12.0.0"
      }
    },
    "node_modules/json5": {
      "version": "2.2.3",
      "resolved": "https://registry.npmjs.org/json5/-/json5-2.2.3.tgz",
      "integrity": "sha512-XmOWe7eyHYH14cLdVPoyg+GOH3rYX++KpzrylJwSW98t3Nk+U8XOl8FWKOgwtzdb8lXGf6zYwDUzeHMWfxasyg==",
      "dev": true,
      "license": "MIT",
      "bin": {
        "json5": "lib/cli.js"
      },
      "engines": {
        "node": ">=6"
      }
    },
    "node_modules/luxon": {
      "version": "3.5.0",
      "resolved": "https://registry.npmjs.org/luxon/-/luxon-3.5.0.tgz",
      "integrity": "sha512-rh+Zjr6DNfUYR3bPwJEnuwDdqMbxZW7LOQfUN4B54+Cl+0o5zaU9RJ6bcidfDtC1cWCZXQ+nvX8bf6bAji37QQ==",
      "dev": true,
      "license": "MIT",
      "engines": {
        "node": ">=12"
      }
    },
    "node_modules/mvdan-sh": {
      "version": "0.10.1",
      "resolved": "https://registry.npmjs.org/mvdan-sh/-/mvdan-sh-0.10.1.tgz",
      "integrity": "sha512-kMbrH0EObaKmK3nVRKUIIya1dpASHIEusM13S4V1ViHFuxuNxCo+arxoa6j/dbV22YBGjl7UKJm9QQKJ2Crzhg==",
      "dev": true
    },
    "node_modules/prettier": {
      "version": "3.2.5",
      "resolved": "https://registry.npmjs.org/prettier/-/prettier-3.2.5.tgz",
      "integrity": "sha512-3/GWa9aOC0YeD7LUfvOG2NiDyhOWRvt1k+rcKhOuYnMY24iiCphgneUfJDyFXd6rZCAnuLBv6UeAULtrhT/F4A==",
      "dev": true,
      "bin": {
        "prettier": "bin/prettier.cjs"
      },
      "engines": {
        "node": ">=14"
      },
      "funding": {
        "url": "https://github.com/prettier/prettier?sponsor=1"
      }
    },
    "node_modules/prettier-plugin-ini": {
      "version": "1.1.0",
      "resolved": "https://registry.npmjs.org/prettier-plugin-ini/-/prettier-plugin-ini-1.1.0.tgz",
      "integrity": "sha512-xlWM//GrLYU5CX3Qdn5isOlxz1LHnTi4fdSHZX/UYV/C5ipbcFfdCglENoOPGp4N5EvtA5Q1FuVhg95K58TMRg==",
      "dev": true,
      "dependencies": {
        "prettier": ">=2.3"
      }
    },
    "node_modules/prettier-plugin-multiline-arrays": {
      "version": "4.0.2",
      "resolved": "https://registry.npmjs.org/prettier-plugin-multiline-arrays/-/prettier-plugin-multiline-arrays-4.0.2.tgz",
      "integrity": "sha512-j8aWPMQl3QsTRR7e2HuNfwp429mB0IL1NQ8PjO0xq5W20O5L5h2XZ99vnqirceJizKhqhm8sOMmsmGcKEtlCFg==",
      "dev": true,
      "license": "(MIT or CC0 1.0)",
      "dependencies": {
        "@augment-vir/common": "^31.3.0",
        "proxy-vir": "^2.0.1"
      },
      "engines": {
        "node": ">=22"
      },
      "peerDependencies": {
        "prettier": ">=3.0.0"
      }
    },
    "node_modules/prettier-plugin-sh": {
      "version": "0.14.0",
      "resolved": "https://registry.npmjs.org/prettier-plugin-sh/-/prettier-plugin-sh-0.14.0.tgz",
      "integrity": "sha512-hfXulj5+zEl/ulrO5kMuuTPKmXvOg0bnLHY1hKFNN/N+/903iZbNp8NyZBTsgI8dtkSgFfAEIQq0IQTyP1ZVFQ==",
      "dev": true,
      "dependencies": {
        "mvdan-sh": "^0.10.1",
        "sh-syntax": "^0.4.1"
      },
      "engines": {
        "node": ">=16.0.0"
      },
      "funding": {
        "url": "https://opencollective.com/unts"
      },
      "peerDependencies": {
        "prettier": "^3.0.3"
      }
    },
    "node_modules/proxy-vir": {
      "version": "2.0.1",
      "resolved": "https://registry.npmjs.org/proxy-vir/-/proxy-vir-2.0.1.tgz",
      "integrity": "sha512-hjy5mWzHZhgRGh0f90f0Bz3VrGUe0T+AlhwnETakzRdvaN9RtPYLQG1+ZuEzSDK95FAhPYd26nEi1xVrXqvBwg==",
      "dev": true,
      "license": "(MIT or CC0 1.0)",
      "dependencies": {
        "@augment-vir/assert": "^31.1.0",
        "@augment-vir/common": "^31.1.0"
      },
      "engines": {
        "node": ">=22"
      }
    },
    "node_modules/sh-syntax": {
      "version": "0.4.2",
      "resolved": "https://registry.npmjs.org/sh-syntax/-/sh-syntax-0.4.2.tgz",
      "integrity": "sha512-/l2UZ5fhGZLVZa16XQM9/Vq/hezGGbdHeVEA01uWjOL1+7Ek/gt6FquW0iKKws4a9AYPYvlz6RyVvjh3JxOteg==",
      "dev": true,
      "dependencies": {
        "tslib": "^2.6.2"
      },
      "engines": {
        "node": ">=16.0.0"
      },
      "funding": {
        "url": "https://opencollective.com/unts"
      }
    },
    "node_modules/tslib": {
      "version": "2.6.2",
      "resolved": "https://registry.npmjs.org/tslib/-/tslib-2.6.2.tgz",
      "integrity": "sha512-AEYxH93jGFPn/a2iVAwW87VuUIkR1FVUKB77NwMF7nBTDkDrrT/Hpt/IrCJ0QXhW27jTBDcf5ZY7w6RiqTMw2Q==",
      "dev": true
    },
    "node_modules/type-fest": {
      "version": "4.35.0",
      "resolved": "https://registry.npmjs.org/type-fest/-/type-fest-4.35.0.tgz",
      "integrity": "sha512-2/AwEFQDFEy30iOLjrvHDIH7e4HEWH+f1Yl1bI5XMqzuoCUqwYCdxachgsgv0og/JdVZUhbfjcJAoHj5L1753A==",
      "dev": true,
      "license": "(MIT OR CC0-1.0)",
      "engines": {
        "node": ">=16"
      },
      "funding": {
        "url": "https://github.com/sponsors/sindresorhus"
      }
    },
    "node_modules/typed-event-target": {
      "version": "4.0.2",
      "resolved": "https://registry.npmjs.org/typed-event-target/-/typed-event-target-4.0.2.tgz",
      "integrity": "sha512-vIAqC5HN/yuAn4+K4MFB6QBz4pAjp3se55KkRIbxX+EjGRyBJwbVasj2jgzUDhYeda9b0YbDng2N11A/bXvYwA==",
      "dev": true,
      "license": "(MIT or CC0 1.0)",
      "dependencies": {
        "@augment-vir/assert": "^30.3.0",
        "@augment-vir/common": "^30.3.0",
        "@augment-vir/core": "^30.3.0"
      },
      "engines": {
        "node": ">=22"
      }
    },
    "node_modules/typed-event-target/node_modules/@augment-vir/assert": {
      "version": "30.8.4",
      "resolved": "https://registry.npmjs.org/@augment-vir/assert/-/assert-30.8.4.tgz",
      "integrity": "sha512-kxak+lDEYo14pStluTCss+/wH05SqlSv3mEN/yBvtV5lMJBXhoPcJGMua7zWXNCEnOCGVU36+hDBwuh9IQxT/A==",
      "dev": true,
      "license": "(MIT or CC0 1.0)",
      "dependencies": {
        "@augment-vir/core": "^30.8.4",
        "@date-vir/duration": "^7.0.1",
        "deep-eql": "^5.0.2",
        "expect-type": "^1.1.0",
        "type-fest": "^4.29.0"
      },
      "engines": {
        "node": ">=22"
      }
    },
    "node_modules/typed-event-target/node_modules/@augment-vir/common": {
      "version": "30.8.4",
      "resolved": "https://registry.npmjs.org/@augment-vir/common/-/common-30.8.4.tgz",
      "integrity": "sha512-3w4WJOQKycuHmSod0BMjVyrUjHlHj+6vmabKvtRT96mz+b9Rstqg2EfM4zzlkuoM2k9biAbjeYSllwpmf631uQ==",
      "dev": true,
      "license": "(MIT or CC0 1.0)",
      "dependencies": {
        "@augment-vir/assert": "^30.8.4",
        "@augment-vir/core": "^30.8.4",
        "@date-vir/duration": "^7.0.1",
        "ansi-styles": "^6.2.1",
        "json5": "^2.2.3",
        "type-fest": "^4.29.0",
        "typed-event-target": "^4.0.2"
      },
      "engines": {
        "node": ">=22"
      }
    },
    "node_modules/typed-event-target/node_modules/@augment-vir/core": {
      "version": "30.8.4",
      "resolved": "https://registry.npmjs.org/@augment-vir/core/-/core-30.8.4.tgz",
      "integrity": "sha512-fOp0W+z2xkkkcH9lpsY6AUVp2vPbR5qo3fbVui9IrA4RJ6wXzio6+sP1yYw2iLJVmOOEYIWSbvZddDn+Ih6Ppw==",
      "dev": true,
      "license": "(MIT or CC0 1.0)",
      "dependencies": {
        "@date-vir/duration": "^7.0.1",
        "browser-or-node": "^3.0.0",
        "json5": "^2.2.3",
        "type-fest": "^4.29.0"
      },
      "engines": {
        "node": ">=22"
      }
    }
  }
}
